// !$*UTF8*$!
{
	archiveVersion = 1;
	classes = {
	};
	objectVersion = 50;
	objects = {

/* Begin PBXBuildFile section */
		EA3AED4426A42DA8009C1091 /* VK_Tinder_News_FeedApp.swift in Sources */ = {isa = PBXBuildFile; fileRef = EA3AED4326A42DA8009C1091 /* VK_Tinder_News_FeedApp.swift */; };
		EA3AED4626A42DA8009C1091 /* CardView.swift in Sources */ = {isa = PBXBuildFile; fileRef = EA3AED4526A42DA8009C1091 /* CardView.swift */; };
		EA3AED4826A42DA9009C1091 /* Assets.xcassets in Resources */ = {isa = PBXBuildFile; fileRef = EA3AED4726A42DA9009C1091 /* Assets.xcassets */; };
		EA3AED4B26A42DA9009C1091 /* Preview Assets.xcassets in Resources */ = {isa = PBXBuildFile; fileRef = EA3AED4A26A42DA9009C1091 /* Preview Assets.xcassets */; };
		EA3AED5326A433CB009C1091 /* MainView.swift in Sources */ = {isa = PBXBuildFile; fileRef = EA3AED5226A433CB009C1091 /* MainView.swift */; };
		EA3AED5526A43487009C1091 /* Card.swift in Sources */ = {isa = PBXBuildFile; fileRef = EA3AED5426A43487009C1091 /* Card.swift */; };
		EA3AED5726A4AD49009C1091 /* AnyTransition+.swift in Sources */ = {isa = PBXBuildFile; fileRef = EA3AED5626A4AD49009C1091 /* AnyTransition+.swift */; };
		EA3AED6126A4BB49009C1091 /* LaunchScreen.storyboard in Resources */ = {isa = PBXBuildFile; fileRef = EA3AED6026A4BB49009C1091 /* LaunchScreen.storyboard */; };
/* End PBXBuildFile section */

/* Begin PBXFileReference section */
		EA3AED4026A42DA8009C1091 /* VK Tinder News Feed.app */ = {isa = PBXFileReference; explicitFileType = wrapper.application; includeInIndex = 0; path = "VK Tinder News Feed.app"; sourceTree = BUILT_PRODUCTS_DIR; };
		EA3AED4326A42DA8009C1091 /* VK_Tinder_News_FeedApp.swift */ = {isa = PBXFileReference; lastKnownFileType = sourcecode.swift; path = VK_Tinder_News_FeedApp.swift; sourceTree = "<group>"; };
		EA3AED4526A42DA8009C1091 /* CardView.swift */ = {isa = PBXFileReference; lastKnownFileType = sourcecode.swift; path = CardView.swift; sourceTree = "<group>"; };
		EA3AED4726A42DA9009C1091 /* Assets.xcassets */ = {isa = PBXFileReference; lastKnownFileType = folder.assetcatalog; path = Assets.xcassets; sourceTree = "<group>"; };
		EA3AED4A26A42DA9009C1091 /* Preview Assets.xcassets */ = {isa = PBXFileReference; lastKnownFileType = folder.assetcatalog; path = "Preview Assets.xcassets"; sourceTree = "<group>"; };
		EA3AED4C26A42DA9009C1091 /* Info.plist */ = {isa = PBXFileReference; lastKnownFileType = text.plist.xml; path = Info.plist; sourceTree = "<group>"; };
		EA3AED5226A433CB009C1091 /* MainView.swift */ = {isa = PBXFileReference; lastKnownFileType = sourcecode.swift; path = MainView.swift; sourceTree = "<group>"; };
		EA3AED5426A43487009C1091 /* Card.swift */ = {isa = PBXFileReference; lastKnownFileType = sourcecode.swift; path = Card.swift; sourceTree = "<group>"; };
		EA3AED5626A4AD49009C1091 /* AnyTransition+.swift */ = {isa = PBXFileReference; lastKnownFileType = sourcecode.swift; path = "AnyTransition+.swift"; sourceTree = "<group>"; };
		EA3AED6026A4BB49009C1091 /* LaunchScreen.storyboard */ = {isa = PBXFileReference; fileEncoding = 4; lastKnownFileType = file.storyboard; path = LaunchScreen.storyboard; sourceTree = "<group>"; };
/* End PBXFileReference section */

/* Begin PBXFrameworksBuildPhase section */
		EA3AED3D26A42DA8009C1091 /* Frameworks */ = {
			isa = PBXFrameworksBuildPhase;
			buildActionMask = 2147483647;
			files = (
			);
			runOnlyForDeploymentPostprocessing = 0;
		};
/* End PBXFrameworksBuildPhase section */

/* Begin PBXGroup section */
		EA3AED3726A42DA8009C1091 = {
			isa = PBXGroup;
			children = (
				EA3AED4226A42DA8009C1091 /* VK Tinder News Feed */,
				EA3AED4126A42DA8009C1091 /* Products */,
			);
			sourceTree = "<group>";
		};
		EA3AED4126A42DA8009C1091 /* Products */ = {
			isa = PBXGroup;
			children = (
				EA3AED4026A42DA8009C1091 /* VK Tinder News Feed.app */,
			);
			name = Products;
			sourceTree = "<group>";
		};
		EA3AED4226A42DA8009C1091 /* VK Tinder News Feed */ = {
			isa = PBXGroup;
			children = (
				EA3AED5D26A4BA81009C1091 /* Application */,
				EA3AED5826A4BA48009C1091 /* Views */,
				EA3AED5926A4BA4F009C1091 /* Extensions */,
				EA3AED5A26A4BA57009C1091 /* Models */,
				EA3AED5B26A4BA5E009C1091 /* Resources */,
				EA3AED5C26A4BA68009C1091 /* Configuration */,
				EA3AED4926A42DA9009C1091 /* Preview Content */,
			);
			path = "VK Tinder News Feed";
			sourceTree = "<group>";
		};
		EA3AED4926A42DA9009C1091 /* Preview Content */ = {
			isa = PBXGroup;
			children = (
				EA3AED4A26A42DA9009C1091 /* Preview Assets.xcassets */,
			);
			path = "Preview Content";
			sourceTree = "<group>";
		};
		EA3AED5826A4BA48009C1091 /* Views */ = {
			isa = PBXGroup;
			children = (
				EA3AED5226A433CB009C1091 /* MainView.swift */,
				EA3AED4526A42DA8009C1091 /* CardView.swift */,
			);
			path = Views;
			sourceTree = "<group>";
		};
		EA3AED5926A4BA4F009C1091 /* Extensions */ = {
			isa = PBXGroup;
			children = (
				EA3AED5626A4AD49009C1091 /* AnyTransition+.swift */,
			);
			path = Extensions;
			sourceTree = "<group>";
		};
		EA3AED5A26A4BA57009C1091 /* Models */ = {
			isa = PBXGroup;
			children = (
				EA3AED5426A43487009C1091 /* Card.swift */,
			);
			path = Models;
			sourceTree = "<group>";
		};
		EA3AED5B26A4BA5E009C1091 /* Resources */ = {
			isa = PBXGroup;
			children = (
				EA3AED6026A4BB49009C1091 /* LaunchScreen.storyboard */,
				EA3AED4726A42DA9009C1091 /* Assets.xcassets */,
			);
			path = Resources;
			sourceTree = "<group>";
		};
		EA3AED5C26A4BA68009C1091 /* Configuration */ = {
			isa = PBXGroup;
			children = (
				EA3AED4C26A42DA9009C1091 /* Info.plist */,
			);
			path = Configuration;
			sourceTree = "<group>";
		};
		EA3AED5D26A4BA81009C1091 /* Application */ = {
			isa = PBXGroup;
			children = (
				EA3AED4326A42DA8009C1091 /* VK_Tinder_News_FeedApp.swift */,
			);
			path = Application;
			sourceTree = "<group>";
		};
/* End PBXGroup section */

/* Begin PBXNativeTarget section */
		EA3AED3F26A42DA8009C1091 /* VK Tinder News Feed */ = {
			isa = PBXNativeTarget;
			buildConfigurationList = EA3AED4F26A42DA9009C1091 /* Build configuration list for PBXNativeTarget "VK Tinder News Feed" */;
			buildPhases = (
				EA3AED3C26A42DA8009C1091 /* Sources */,
				EA3AED3D26A42DA8009C1091 /* Frameworks */,
				EA3AED3E26A42DA8009C1091 /* Resources */,
			);
			buildRules = (
			);
			dependencies = (
			);
			name = "VK Tinder News Feed";
			productName = "VK Tinder News Feed";
			productReference = EA3AED4026A42DA8009C1091 /* VK Tinder News Feed.app */;
			productType = "com.apple.product-type.application";
		};
/* End PBXNativeTarget section */

/* Begin PBXProject section */
		EA3AED3826A42DA8009C1091 /* Project object */ = {
			isa = PBXProject;
			attributes = {
				LastSwiftUpdateCheck = 1250;
				LastUpgradeCheck = 1250;
				TargetAttributes = {
					EA3AED3F26A42DA8009C1091 = {
						CreatedOnToolsVersion = 12.5;
					};
				};
			};
			buildConfigurationList = EA3AED3B26A42DA8009C1091 /* Build configuration list for PBXProject "VK Tinder News Feed" */;
			compatibilityVersion = "Xcode 9.3";
			developmentRegion = en;
			hasScannedForEncodings = 0;
			knownRegions = (
				en,
				Base,
			);
			mainGroup = EA3AED3726A42DA8009C1091;
			productRefGroup = EA3AED4126A42DA8009C1091 /* Products */;
			projectDirPath = "";
			projectRoot = "";
			targets = (
				EA3AED3F26A42DA8009C1091 /* VK Tinder News Feed */,
			);
		};
/* End PBXProject section */

/* Begin PBXResourcesBuildPhase section */
		EA3AED3E26A42DA8009C1091 /* Resources */ = {
			isa = PBXResourcesBuildPhase;
			buildActionMask = 2147483647;
			files = (
				EA3AED6126A4BB49009C1091 /* LaunchScreen.storyboard in Resources */,
				EA3AED4B26A42DA9009C1091 /* Preview Assets.xcassets in Resources */,
				EA3AED4826A42DA9009C1091 /* Assets.xcassets in Resources */,
			);
			runOnlyForDeploymentPostprocessing = 0;
		};
/* End PBXResourcesBuildPhase section */

/* Begin PBXSourcesBuildPhase section */
		EA3AED3C26A42DA8009C1091 /* Sources */ = {
			isa = PBXSourcesBuildPhase;
			buildActionMask = 2147483647;
			files = (
				EA3AED4626A42DA8009C1091 /* CardView.swift in Sources */,
				EA3AED5326A433CB009C1091 /* MainView.swift in Sources */,
				EA3AED4426A42DA8009C1091 /* VK_Tinder_News_FeedApp.swift in Sources */,
				EA3AED5726A4AD49009C1091 /* AnyTransition+.swift in Sources */,
				EA3AED5526A43487009C1091 /* Card.swift in Sources */,
			);
			runOnlyForDeploymentPostprocessing = 0;
		};
/* End PBXSourcesBuildPhase section */

/* Begin XCBuildConfiguration section */
		EA3AED4D26A42DA9009C1091 /* Debug */ = {
			isa = XCBuildConfiguration;
			buildSettings = {
				ALWAYS_SEARCH_USER_PATHS = NO;
				CLANG_ANALYZER_NONNULL = YES;
				CLANG_ANALYZER_NUMBER_OBJECT_CONVERSION = YES_AGGRESSIVE;
				CLANG_CXX_LANGUAGE_STANDARD = "gnu++14";
				CLANG_CXX_LIBRARY = "libc++";
				CLANG_ENABLE_MODULES = YES;
				CLANG_ENABLE_OBJC_ARC = YES;
				CLANG_ENABLE_OBJC_WEAK = YES;
				CLANG_WARN_BLOCK_CAPTURE_AUTORELEASING = YES;
				CLANG_WARN_BOOL_CONVERSION = YES;
				CLANG_WARN_COMMA = YES;
				CLANG_WARN_CONSTANT_CONVERSION = YES;
				CLANG_WARN_DEPRECATED_OBJC_IMPLEMENTATIONS = YES;
				CLANG_WARN_DIRECT_OBJC_ISA_USAGE = YES_ERROR;
				CLANG_WARN_DOCUMENTATION_COMMENTS = YES;
				CLANG_WARN_EMPTY_BODY = YES;
				CLANG_WARN_ENUM_CONVERSION = YES;
				CLANG_WARN_INFINITE_RECURSION = YES;
				CLANG_WARN_INT_CONVERSION = YES;
				CLANG_WARN_NON_LITERAL_NULL_CONVERSION = YES;
				CLANG_WARN_OBJC_IMPLICIT_RETAIN_SELF = YES;
				CLANG_WARN_OBJC_LITERAL_CONVERSION = YES;
				CLANG_WARN_OBJC_ROOT_CLASS = YES_ERROR;
				CLANG_WARN_QUOTED_INCLUDE_IN_FRAMEWORK_HEADER = YES;
				CLANG_WARN_RANGE_LOOP_ANALYSIS = YES;
				CLANG_WARN_STRICT_PROTOTYPES = YES;
				CLANG_WARN_SUSPICIOUS_MOVE = YES;
				CLANG_WARN_UNGUARDED_AVAILABILITY = YES_AGGRESSIVE;
				CLANG_WARN_UNREACHABLE_CODE = YES;
				CLANG_WARN__DUPLICATE_METHOD_MATCH = YES;
				COPY_PHASE_STRIP = NO;
				DEBUG_INFORMATION_FORMAT = dwarf;
				ENABLE_STRICT_OBJC_MSGSEND = YES;
				ENABLE_TESTABILITY = YES;
				GCC_C_LANGUAGE_STANDARD = gnu11;
				GCC_DYNAMIC_NO_PIC = NO;
				GCC_NO_COMMON_BLOCKS = YES;
				GCC_OPTIMIZATION_LEVEL = 0;
				GCC_PREPROCESSOR_DEFINITIONS = (
					"DEBUG=1",
					"$(inherited)",
				);
				GCC_WARN_64_TO_32_BIT_CONVERSION = YES;
				GCC_WARN_ABOUT_RETURN_TYPE = YES_ERROR;
				GCC_WARN_UNDECLARED_SELECTOR = YES;
				GCC_WARN_UNINITIALIZED_AUTOS = YES_AGGRESSIVE;
				GCC_WARN_UNUSED_FUNCTION = YES;
				GCC_WARN_UNUSED_VARIABLE = YES;
				IPHONEOS_DEPLOYMENT_TARGET = 14.5;
				MTL_ENABLE_DEBUG_INFO = INCLUDE_SOURCE;
				MTL_FAST_MATH = YES;
				ONLY_ACTIVE_ARCH = YES;
				SDKROOT = iphoneos;
				SWIFT_ACTIVE_COMPILATION_CONDITIONS = DEBUG;
				SWIFT_OPTIMIZATION_LEVEL = "-Onone";
			};
			name = Debug;
		};
		EA3AED4E26A42DA9009C1091 /* Release */ = {
			isa = XCBuildConfiguration;
			buildSettings = {
				ALWAYS_SEARCH_USER_PATHS = NO;
				CLANG_ANALYZER_NONNULL = YES;
				CLANG_ANALYZER_NUMBER_OBJECT_CONVERSION = YES_AGGRESSIVE;
				CLANG_CXX_LANGUAGE_STANDARD = "gnu++14";
				CLANG_CXX_LIBRARY = "libc++";
				CLANG_ENABLE_MODULES = YES;
				CLANG_ENABLE_OBJC_ARC = YES;
				CLANG_ENABLE_OBJC_WEAK = YES;
				CLANG_WARN_BLOCK_CAPTURE_AUTORELEASING = YES;
				CLANG_WARN_BOOL_CONVERSION = YES;
				CLANG_WARN_COMMA = YES;
				CLANG_WARN_CONSTANT_CONVERSION = YES;
				CLANG_WARN_DEPRECATED_OBJC_IMPLEMENTATIONS = YES;
				CLANG_WARN_DIRECT_OBJC_ISA_USAGE = YES_ERROR;
				CLANG_WARN_DOCUMENTATION_COMMENTS = YES;
				CLANG_WARN_EMPTY_BODY = YES;
				CLANG_WARN_ENUM_CONVERSION = YES;
				CLANG_WARN_INFINITE_RECURSION = YES;
				CLANG_WARN_INT_CONVERSION = YES;
				CLANG_WARN_NON_LITERAL_NULL_CONVERSION = YES;
				CLANG_WARN_OBJC_IMPLICIT_RETAIN_SELF = YES;
				CLANG_WARN_OBJC_LITERAL_CONVERSION = YES;
				CLANG_WARN_OBJC_ROOT_CLASS = YES_ERROR;
				CLANG_WARN_QUOTED_INCLUDE_IN_FRAMEWORK_HEADER = YES;
				CLANG_WARN_RANGE_LOOP_ANALYSIS = YES;
				CLANG_WARN_STRICT_PROTOTYPES = YES;
				CLANG_WARN_SUSPICIOUS_MOVE = YES;
				CLANG_WARN_UNGUARDED_AVAILABILITY = YES_AGGRESSIVE;
				CLANG_WARN_UNREACHABLE_CODE = YES;
				CLANG_WARN__DUPLICATE_METHOD_MATCH = YES;
				COPY_PHASE_STRIP = NO;
				DEBUG_INFORMATION_FORMAT = "dwarf-with-dsym";
				ENABLE_NS_ASSERTIONS = NO;
				ENABLE_STRICT_OBJC_MSGSEND = YES;
				GCC_C_LANGUAGE_STANDARD = gnu11;
				GCC_NO_COMMON_BLOCKS = YES;
				GCC_WARN_64_TO_32_BIT_CONVERSION = YES;
				GCC_WARN_ABOUT_RETURN_TYPE = YES_ERROR;
				GCC_WARN_UNDECLARED_SELECTOR = YES;
				GCC_WARN_UNINITIALIZED_AUTOS = YES_AGGRESSIVE;
				GCC_WARN_UNUSED_FUNCTION = YES;
				GCC_WARN_UNUSED_VARIABLE = YES;
				IPHONEOS_DEPLOYMENT_TARGET = 14.5;
				MTL_ENABLE_DEBUG_INFO = NO;
				MTL_FAST_MATH = YES;
				SDKROOT = iphoneos;
				SWIFT_COMPILATION_MODE = wholemodule;
				SWIFT_OPTIMIZATION_LEVEL = "-O";
				VALIDATE_PRODUCT = YES;
			};
			name = Release;
		};
		EA3AED5026A42DA9009C1091 /* Debug */ = {
			isa = XCBuildConfiguration;
			buildSettings = {
				ASSETCATALOG_COMPILER_APPICON_NAME = AppIcon;
				ASSETCATALOG_COMPILER_GLOBAL_ACCENT_COLOR_NAME = AccentColor;
				CODE_SIGN_STYLE = Automatic;
				DEVELOPMENT_ASSET_PATHS = "\"VK Tinder News Feed/Preview Content\"";
				DEVELOPMENT_TEAM = UG5F626PKK;
				ENABLE_PREVIEWS = YES;
				INFOPLIST_FILE = "$(SRCROOT)/VK Tinder News Feed/Configuration/Info.plist";
				IPHONEOS_DEPLOYMENT_TARGET = 14.0;
				LD_RUNPATH_SEARCH_PATHS = (
					"$(inherited)",
					"@executable_path/Frameworks",
				);
				PRODUCT_BUNDLE_IDENTIFIER = "alexislog.VK-Tinder-News-Feed";
				PRODUCT_NAME = "$(TARGET_NAME)";
				SWIFT_VERSION = 5.0;
				TARGETED_DEVICE_FAMILY = "1,2";
			};
			name = Debug;
		};
		EA3AED5126A42DA9009C1091 /* Release */ = {
			isa = XCBuildConfiguration;
			buildSettings = {
				ASSETCATALOG_COMPILER_APPICON_NAME = AppIcon;
				ASSETCATALOG_COMPILER_GLOBAL_ACCENT_COLOR_NAME = AccentColor;
				CODE_SIGN_STYLE = Automatic;
				DEVELOPMENT_ASSET_PATHS = "\"VK Tinder News Feed/Preview Content\"";
				DEVELOPMENT_TEAM = UG5F626PKK;
				ENABLE_PREVIEWS = YES;
				INFOPLIST_FILE = "$(SRCROOT)/VK Tinder News Feed/Configuration/Info.plist";
				IPHONEOS_DEPLOYMENT_TARGET = 14.0;
				LD_RUNPATH_SEARCH_PATHS = (
					"$(inherited)",
					"@executable_path/Frameworks",
				);
				PRODUCT_BUNDLE_IDENTIFIER = "alexislog.VK-Tinder-News-Feed";
				PRODUCT_NAME = "$(TARGET_NAME)";
				SWIFT_VERSION = 5.0;
				TARGETED_DEVICE_FAMILY = "1,2";
			};
			name = Release;
		};
/* End XCBuildConfiguration section */

/* Begin XCConfigurationList section */
		EA3AED3B26A42DA8009C1091 /* Build configuration list for PBXProject "VK Tinder News Feed" */ = {
			isa = XCConfigurationList;
			buildConfigurations = (
				EA3AED4D26A42DA9009C1091 /* Debug */,
				EA3AED4E26A42DA9009C1091 /* Release */,
			);
			defaultConfigurationIsVisible = 0;
			defaultConfigurationName = Release;
		};
		EA3AED4F26A42DA9009C1091 /* Build configuration list for PBXNativeTarget "VK Tinder News Feed" */ = {
			isa = XCConfigurationList;
			buildConfigurations = (
				EA3AED5026A42DA9009C1091 /* Debug */,
				EA3AED5126A42DA9009C1091 /* Release */,
			);
			defaultConfigurationIsVisible = 0;
			defaultConfigurationName = Release;
		};
/* End XCConfigurationList section */
	};
	rootObject = EA3AED3826A42DA8009C1091 /* Project object */;
}
